# This file is autogenerated, do not edit; changes may be undone by the next 'dep ensure'.


[[projects]]
  branch = "master"
  name = "github.com/joho/godotenv"
  packages = ["."]
  revision = "1709ab122c988931ad53508747b3c061400c2984"

[solve-meta]
  analyzer-name = "dep"
  analyzer-version = 1
  inputs-digest = "87732ba4e86df808972ff07b4babc1ed72cd9979648a176e299dc22dcf092aef"
  solver-name = "gps-cdcl"
  solver-version = 1
